// !$*UTF8*$!
{
	archiveVersion = 1;
	classes = {
	};
	objectVersion = 46;
	objects = {

/* Begin PBXBuildFile section */
		162BBA0EE0C528C30456A4E5 /* libPods-Mapbox GL Tests.a in Frameworks */ = {isa = PBXBuildFile; fileRef = AB01D6D4AB14FE4AEC906EB3 /* libPods-Mapbox GL Tests.a */; };
		96567A231B0E84CD00D78776 /* LaunchScreen.xib in Resources */ = {isa = PBXBuildFile; fileRef = 96567A221B0E84CD00D78776 /* LaunchScreen.xib */; };
		96567A311B0E8BB900D78776 /* Images.xcassets in Resources */ = {isa = PBXBuildFile; fileRef = 96567A301B0E8BB900D78776 /* Images.xcassets */; };
		96992E581B0FBB6F008978C0 /* CSSwizzler.m in Sources */ = {isa = PBXBuildFile; fileRef = 96992E541B0FBB6F008978C0 /* CSSwizzler.m */; };
		96992E591B0FBB6F008978C0 /* LocationMocker.m in Sources */ = {isa = PBXBuildFile; fileRef = 96992E561B0FBB6F008978C0 /* LocationMocker.m */; };
		96992E621B0FBC4F008978C0 /* CLLocationManager+MockLocation.m in Sources */ = {isa = PBXBuildFile; fileRef = 96992E611B0FBC4F008978C0 /* CLLocationManager+MockLocation.m */; };
		9B67A76A50EE7D156602A769 /* libPods-Test Bundle.a in Frameworks */ = {isa = PBXBuildFile; fileRef = 69833E876690ADC089B37EA8 /* libPods-Test Bundle.a */; };
		DD043363196DBBD500E6F39D /* MGLTAppDelegate.m in Sources */ = {isa = PBXBuildFile; fileRef = DD04335F196DBBD500E6F39D /* MGLTAppDelegate.m */; };
		DD043364196DBBD500E6F39D /* MGLTViewController.m in Sources */ = {isa = PBXBuildFile; fileRef = DD043360196DBBD500E6F39D /* MGLTViewController.m */; };
		DD043366196DBBE000E6F39D /* main.m in Sources */ = {isa = PBXBuildFile; fileRef = DD043365196DBBE000E6F39D /* main.m */; };
		DD0580E81ACB628200B112C9 /* IOKit.framework in Frameworks */ = {isa = PBXBuildFile; fileRef = DD0580E71ACB628200B112C9 /* IOKit.framework */; };
		DD0581041ACB661200B112C9 /* Headers in Resources */ = {isa = PBXBuildFile; fileRef = DD0581031ACB661200B112C9 /* Headers */; };
		DD0581061ACB661C00B112C9 /* MapboxGL.bundle in Resources */ = {isa = PBXBuildFile; fileRef = DD0581051ACB661C00B112C9 /* MapboxGL.bundle */; };
		DD0581081ACB663200B112C9 /* libMapboxGL.a in Frameworks */ = {isa = PBXBuildFile; fileRef = DD0581071ACB663200B112C9 /* libMapboxGL.a */; };
		DD0E6F671B01806600DC035A /* MetricsTests.m in Sources */ = {isa = PBXBuildFile; fileRef = DD0E6F661B01806600DC035A /* MetricsTests.m */; };
		DD41CE091ACB5DBC00FA7979 /* CoreTelephony.framework in Frameworks */ = {isa = PBXBuildFile; fileRef = DD41CE081ACB5DBC00FA7979 /* CoreTelephony.framework */; };
		DD41CE0B1ACB5DC400FA7979 /* SystemConfiguration.framework in Frameworks */ = {isa = PBXBuildFile; fileRef = DD41CE0A1ACB5DC400FA7979 /* SystemConfiguration.framework */; };
		DD41CE0D1ACB5DCB00FA7979 /* libc++.dylib in Frameworks */ = {isa = PBXBuildFile; fileRef = DD41CE0C1ACB5DCB00FA7979 /* libc++.dylib */; };
		DD41CE0F1ACB5DD000FA7979 /* libsqlite3.dylib in Frameworks */ = {isa = PBXBuildFile; fileRef = DD41CE0E1ACB5DD000FA7979 /* libsqlite3.dylib */; };
		DD41CE111ACB5DD500FA7979 /* libz.dylib in Frameworks */ = {isa = PBXBuildFile; fileRef = DD41CE101ACB5DD500FA7979 /* libz.dylib */; };
		DD41CE131ACB5DDA00FA7979 /* MobileCoreServices.framework in Frameworks */ = {isa = PBXBuildFile; fileRef = DD41CE121ACB5DDA00FA7979 /* MobileCoreServices.framework */; };
		DD41CE151ACB5DE000FA7979 /* ImageIO.framework in Frameworks */ = {isa = PBXBuildFile; fileRef = DD41CE141ACB5DE000FA7979 /* ImageIO.framework */; };
		DD41CE171ACB5DE700FA7979 /* GLKit.framework in Frameworks */ = {isa = PBXBuildFile; fileRef = DD41CE161ACB5DE700FA7979 /* GLKit.framework */; };
		DDBD016C196DC4740033959E /* MapViewTests.m in Sources */ = {isa = PBXBuildFile; fileRef = DDBD0168196DC4740033959E /* MapViewTests.m */; };
		DDBD016D196DC4740033959E /* KIFTestActor+MapboxGL.m in Sources */ = {isa = PBXBuildFile; fileRef = DDBD016A196DC4740033959E /* KIFTestActor+MapboxGL.m */; };
/* End PBXBuildFile section */

/* Begin PBXContainerItemProxy section */
		DDBD0160196DC3D70033959E /* PBXContainerItemProxy */ = {
			isa = PBXContainerItemProxy;
			containerPortal = DD04331B196DB9BC00E6F39D /* Project object */;
			proxyType = 1;
			remoteGlobalIDString = DD043322196DB9BC00E6F39D;
			remoteInfo = "Mapbox GL Tests";
		};
/* End PBXContainerItemProxy section */

/* Begin PBXFileReference section */
		33B984DADCC83940EFBDF66C /* Pods-Test Bundle.debug.xcconfig */ = {isa = PBXFileReference; includeInIndex = 1; lastKnownFileType = text.xcconfig; name = "Pods-Test Bundle.debug.xcconfig"; path = "Pods/Target Support Files/Pods-Test Bundle/Pods-Test Bundle.debug.xcconfig"; sourceTree = "<group>"; };
		4EE84DA21EF6A5AF8A117610 /* Pods-Mapbox GL Tests.release.xcconfig */ = {isa = PBXFileReference; includeInIndex = 1; lastKnownFileType = text.xcconfig; name = "Pods-Mapbox GL Tests.release.xcconfig"; path = "Pods/Target Support Files/Pods-Mapbox GL Tests/Pods-Mapbox GL Tests.release.xcconfig"; sourceTree = "<group>"; };
		69833E876690ADC089B37EA8 /* libPods-Test Bundle.a */ = {isa = PBXFileReference; explicitFileType = archive.ar; includeInIndex = 0; path = "libPods-Test Bundle.a"; sourceTree = BUILT_PRODUCTS_DIR; };
		96567A221B0E84CD00D78776 /* LaunchScreen.xib */ = {isa = PBXFileReference; fileEncoding = 4; lastKnownFileType = file.xib; path = LaunchScreen.xib; sourceTree = SOURCE_ROOT; };
		96567A301B0E8BB900D78776 /* Images.xcassets */ = {isa = PBXFileReference; lastKnownFileType = folder.assetcatalog; path = Images.xcassets; sourceTree = SOURCE_ROOT; };
		96992E531B0FBB6F008978C0 /* CSSwizzler.h */ = {isa = PBXFileReference; fileEncoding = 4; lastKnownFileType = sourcecode.c.h; path = CSSwizzler.h; sourceTree = "<group>"; };
		96992E541B0FBB6F008978C0 /* CSSwizzler.m */ = {isa = PBXFileReference; fileEncoding = 4; lastKnownFileType = sourcecode.c.objc; path = CSSwizzler.m; sourceTree = "<group>"; };
		96992E551B0FBB6F008978C0 /* LocationMocker.h */ = {isa = PBXFileReference; fileEncoding = 4; lastKnownFileType = sourcecode.c.h; path = LocationMocker.h; sourceTree = "<group>"; };
		96992E561B0FBB6F008978C0 /* LocationMocker.m */ = {isa = PBXFileReference; fileEncoding = 4; lastKnownFileType = sourcecode.c.objc; path = LocationMocker.m; sourceTree = "<group>"; };
		96992E601B0FBC4F008978C0 /* CLLocationManager+MockLocation.h */ = {isa = PBXFileReference; fileEncoding = 4; lastKnownFileType = sourcecode.c.h; path = "CLLocationManager+MockLocation.h"; sourceTree = "<group>"; };
		96992E611B0FBC4F008978C0 /* CLLocationManager+MockLocation.m */ = {isa = PBXFileReference; fileEncoding = 4; lastKnownFileType = sourcecode.c.objc; path = "CLLocationManager+MockLocation.m"; sourceTree = "<group>"; };
		AB01D6D4AB14FE4AEC906EB3 /* libPods-Mapbox GL Tests.a */ = {isa = PBXFileReference; explicitFileType = archive.ar; includeInIndex = 0; path = "libPods-Mapbox GL Tests.a"; sourceTree = BUILT_PRODUCTS_DIR; };
		B2A14362A5459A17440AC53A /* Pods-Mapbox GL Tests.debug.xcconfig */ = {isa = PBXFileReference; includeInIndex = 1; lastKnownFileType = text.xcconfig; name = "Pods-Mapbox GL Tests.debug.xcconfig"; path = "Pods/Target Support Files/Pods-Mapbox GL Tests/Pods-Mapbox GL Tests.debug.xcconfig"; sourceTree = "<group>"; };
		BF559E38E6ACD9E50215AF3A /* Pods-Test Bundle.release.xcconfig */ = {isa = PBXFileReference; includeInIndex = 1; lastKnownFileType = text.xcconfig; name = "Pods-Test Bundle.release.xcconfig"; path = "Pods/Target Support Files/Pods-Test Bundle/Pods-Test Bundle.release.xcconfig"; sourceTree = "<group>"; };
		DACAD7111B08719F009119DC /* MGLMapboxEvents.h */ = {isa = PBXFileReference; fileEncoding = 4; lastKnownFileType = sourcecode.c.h; name = MGLMapboxEvents.h; path = ../../platform/ios/MGLMapboxEvents.h; sourceTree = SOURCE_ROOT; };
		DD043323196DB9BC00E6F39D /* Mapbox GL Tests.app */ = {isa = PBXFileReference; explicitFileType = wrapper.application; includeInIndex = 0; path = "Mapbox GL Tests.app"; sourceTree = BUILT_PRODUCTS_DIR; };
		DD04335F196DBBD500E6F39D /* MGLTAppDelegate.m */ = {isa = PBXFileReference; fileEncoding = 4; lastKnownFileType = sourcecode.c.objc; path = MGLTAppDelegate.m; sourceTree = SOURCE_ROOT; };
		DD043360196DBBD500E6F39D /* MGLTViewController.m */ = {isa = PBXFileReference; fileEncoding = 4; lastKnownFileType = sourcecode.c.objc; path = MGLTViewController.m; sourceTree = SOURCE_ROOT; };
		DD043361196DBBD500E6F39D /* MGLTViewController.h */ = {isa = PBXFileReference; fileEncoding = 4; lastKnownFileType = sourcecode.c.h; path = MGLTViewController.h; sourceTree = SOURCE_ROOT; };
		DD043362196DBBD500E6F39D /* MGLTAppDelegate.h */ = {isa = PBXFileReference; fileEncoding = 4; lastKnownFileType = sourcecode.c.h; path = MGLTAppDelegate.h; sourceTree = SOURCE_ROOT; };
		DD043365196DBBE000E6F39D /* main.m */ = {isa = PBXFileReference; fileEncoding = 4; lastKnownFileType = sourcecode.c.objc; path = main.m; sourceTree = SOURCE_ROOT; };
		DD043367196DBCC200E6F39D /* App-Info.plist */ = {isa = PBXFileReference; fileEncoding = 4; lastKnownFileType = text.plist.xml; path = "App-Info.plist"; sourceTree = SOURCE_ROOT; };
		DD0580E71ACB628200B112C9 /* IOKit.framework */ = {isa = PBXFileReference; lastKnownFileType = wrapper.framework; name = IOKit.framework; path = Platforms/iPhoneSimulator.platform/Developer/SDKs/iPhoneSimulator.sdk/System/Library/Frameworks/IOKit.framework; sourceTree = DEVELOPER_DIR; };
		DD0580EF1ACB62BE00B112C9 /* CoreGraphics.framework */ = {isa = PBXFileReference; lastKnownFileType = wrapper.framework; name = CoreGraphics.framework; path = System/Library/Frameworks/CoreGraphics.framework; sourceTree = SDKROOT; };
		DD0581031ACB661200B112C9 /* Headers */ = {isa = PBXFileReference; lastKnownFileType = folder; name = Headers; path = ../../build/ios/pkg/static/Headers; sourceTree = SOURCE_ROOT; };
		DD0581051ACB661C00B112C9 /* MapboxGL.bundle */ = {isa = PBXFileReference; lastKnownFileType = "wrapper.plug-in"; name = MapboxGL.bundle; path = ../../build/ios/pkg/static/MapboxGL.bundle; sourceTree = SOURCE_ROOT; };
		DD0581071ACB663200B112C9 /* libMapboxGL.a */ = {isa = PBXFileReference; lastKnownFileType = archive.ar; name = libMapboxGL.a; path = ../../build/ios/pkg/static/libMapboxGL.a; sourceTree = SOURCE_ROOT; };
		DD0E6F661B01806600DC035A /* MetricsTests.m */ = {isa = PBXFileReference; fileEncoding = 4; lastKnownFileType = sourcecode.c.objc; path = MetricsTests.m; sourceTree = SOURCE_ROOT; };
		DD41CE061ACB5DB300FA7979 /* libMapboxGL.a */ = {isa = PBXFileReference; lastKnownFileType = archive.ar; name = libMapboxGL.a; path = ../../build/ios/pkg/static/libMapboxGL.a; sourceTree = "<group>"; };
		DD41CE081ACB5DBC00FA7979 /* CoreTelephony.framework */ = {isa = PBXFileReference; lastKnownFileType = wrapper.framework; name = CoreTelephony.framework; path = System/Library/Frameworks/CoreTelephony.framework; sourceTree = SDKROOT; };
		DD41CE0A1ACB5DC400FA7979 /* SystemConfiguration.framework */ = {isa = PBXFileReference; lastKnownFileType = wrapper.framework; name = SystemConfiguration.framework; path = System/Library/Frameworks/SystemConfiguration.framework; sourceTree = SDKROOT; };
		DD41CE0C1ACB5DCB00FA7979 /* libc++.dylib */ = {isa = PBXFileReference; lastKnownFileType = "compiled.mach-o.dylib"; name = "libc++.dylib"; path = "usr/lib/libc++.dylib"; sourceTree = SDKROOT; };
		DD41CE0E1ACB5DD000FA7979 /* libsqlite3.dylib */ = {isa = PBXFileReference; lastKnownFileType = "compiled.mach-o.dylib"; name = libsqlite3.dylib; path = usr/lib/libsqlite3.dylib; sourceTree = SDKROOT; };
		DD41CE101ACB5DD500FA7979 /* libz.dylib */ = {isa = PBXFileReference; lastKnownFileType = "compiled.mach-o.dylib"; name = libz.dylib; path = usr/lib/libz.dylib; sourceTree = SDKROOT; };
		DD41CE121ACB5DDA00FA7979 /* MobileCoreServices.framework */ = {isa = PBXFileReference; lastKnownFileType = wrapper.framework; name = MobileCoreServices.framework; path = System/Library/Frameworks/MobileCoreServices.framework; sourceTree = SDKROOT; };
		DD41CE141ACB5DE000FA7979 /* ImageIO.framework */ = {isa = PBXFileReference; lastKnownFileType = wrapper.framework; name = ImageIO.framework; path = System/Library/Frameworks/ImageIO.framework; sourceTree = SDKROOT; };
		DD41CE161ACB5DE700FA7979 /* GLKit.framework */ = {isa = PBXFileReference; lastKnownFileType = wrapper.framework; name = GLKit.framework; path = System/Library/Frameworks/GLKit.framework; sourceTree = SDKROOT; };
		DDBD0152196DC3D70033959E /* Test Bundle.xctest */ = {isa = PBXFileReference; explicitFileType = wrapper.cfbundle; includeInIndex = 0; path = "Test Bundle.xctest"; sourceTree = BUILT_PRODUCTS_DIR; };
		DDBD0165196DC4560033959E /* Bundle-Info.plist */ = {isa = PBXFileReference; fileEncoding = 4; lastKnownFileType = text.plist.xml; path = "Bundle-Info.plist"; sourceTree = SOURCE_ROOT; };
		DDBD0168196DC4740033959E /* MapViewTests.m */ = {isa = PBXFileReference; fileEncoding = 4; lastKnownFileType = sourcecode.c.objc; path = MapViewTests.m; sourceTree = SOURCE_ROOT; };
		DDBD016A196DC4740033959E /* KIFTestActor+MapboxGL.m */ = {isa = PBXFileReference; fileEncoding = 4; lastKnownFileType = sourcecode.c.objc; path = "KIFTestActor+MapboxGL.m"; sourceTree = SOURCE_ROOT; };
		DDBD016B196DC4740033959E /* KIFTestActor+MapboxGL.h */ = {isa = PBXFileReference; fileEncoding = 4; lastKnownFileType = sourcecode.c.h; path = "KIFTestActor+MapboxGL.h"; sourceTree = SOURCE_ROOT; };
/* End PBXFileReference section */

/* Begin PBXFrameworksBuildPhase section */
		DD043320196DB9BC00E6F39D /* Frameworks */ = {
			isa = PBXFrameworksBuildPhase;
			buildActionMask = 2147483647;
			files = (
				DD41CE091ACB5DBC00FA7979 /* CoreTelephony.framework in Frameworks */,
				DD41CE171ACB5DE700FA7979 /* GLKit.framework in Frameworks */,
				DD41CE151ACB5DE000FA7979 /* ImageIO.framework in Frameworks */,
				DD41CE131ACB5DDA00FA7979 /* MobileCoreServices.framework in Frameworks */,
				DD41CE0B1ACB5DC400FA7979 /* SystemConfiguration.framework in Frameworks */,
				DD0581081ACB663200B112C9 /* libMapboxGL.a in Frameworks */,
				DD41CE0D1ACB5DCB00FA7979 /* libc++.dylib in Frameworks */,
				DD41CE0F1ACB5DD000FA7979 /* libsqlite3.dylib in Frameworks */,
				DD41CE111ACB5DD500FA7979 /* libz.dylib in Frameworks */,
				162BBA0EE0C528C30456A4E5 /* libPods-Mapbox GL Tests.a in Frameworks */,
			);
			runOnlyForDeploymentPostprocessing = 0;
		};
		DDBD014F196DC3D70033959E /* Frameworks */ = {
			isa = PBXFrameworksBuildPhase;
			buildActionMask = 2147483647;
			files = (
				DD0580E81ACB628200B112C9 /* IOKit.framework in Frameworks */,
				9B67A76A50EE7D156602A769 /* libPods-Test Bundle.a in Frameworks */,
			);
			runOnlyForDeploymentPostprocessing = 0;
		};
/* End PBXFrameworksBuildPhase section */

/* Begin PBXGroup section */
		96992E501B0FBB6F008978C0 /* LocationMocker */ = {
			isa = PBXGroup;
			children = (
				96992E601B0FBC4F008978C0 /* CLLocationManager+MockLocation.h */,
				96992E611B0FBC4F008978C0 /* CLLocationManager+MockLocation.m */,
				96992E531B0FBB6F008978C0 /* CSSwizzler.h */,
				96992E541B0FBB6F008978C0 /* CSSwizzler.m */,
				96992E551B0FBB6F008978C0 /* LocationMocker.h */,
				96992E561B0FBB6F008978C0 /* LocationMocker.m */,
			);
			path = LocationMocker;
			sourceTree = SOURCE_ROOT;
		};
		A30479E724F42C45B3A5FE81 /* Pods */ = {
			isa = PBXGroup;
			children = (
				B2A14362A5459A17440AC53A /* Pods-Mapbox GL Tests.debug.xcconfig */,
				4EE84DA21EF6A5AF8A117610 /* Pods-Mapbox GL Tests.release.xcconfig */,
				33B984DADCC83940EFBDF66C /* Pods-Test Bundle.debug.xcconfig */,
				BF559E38E6ACD9E50215AF3A /* Pods-Test Bundle.release.xcconfig */,
			);
			name = Pods;
			sourceTree = "<group>";
		};
		DD04331A196DB9BC00E6F39D = {
			isa = PBXGroup;
			children = (
				DD04332C196DB9BC00E6F39D /* App */,
				DDBD0139196DC38D0033959E /* Tests */,
				DD043325196DB9BC00E6F39D /* Frameworks */,
				DD043324196DB9BC00E6F39D /* Products */,
				A30479E724F42C45B3A5FE81 /* Pods */,
			);
			sourceTree = "<group>";
		};
		DD043324196DB9BC00E6F39D /* Products */ = {
			isa = PBXGroup;
			children = (
				DD043323196DB9BC00E6F39D /* Mapbox GL Tests.app */,
				DDBD0152196DC3D70033959E /* Test Bundle.xctest */,
			);
			name = Products;
			sourceTree = "<group>";
		};
		DD043325196DB9BC00E6F39D /* Frameworks */ = {
			isa = PBXGroup;
			children = (
				DD0580EF1ACB62BE00B112C9 /* CoreGraphics.framework */,
				DD41CE081ACB5DBC00FA7979 /* CoreTelephony.framework */,
				DD41CE161ACB5DE700FA7979 /* GLKit.framework */,
				DD0580E71ACB628200B112C9 /* IOKit.framework */,
				DD41CE141ACB5DE000FA7979 /* ImageIO.framework */,
				DD41CE121ACB5DDA00FA7979 /* MobileCoreServices.framework */,
				DD41CE0A1ACB5DC400FA7979 /* SystemConfiguration.framework */,
				DD41CE061ACB5DB300FA7979 /* libMapboxGL.a */,
				DD41CE0C1ACB5DCB00FA7979 /* libc++.dylib */,
				DD41CE0E1ACB5DD000FA7979 /* libsqlite3.dylib */,
				DD41CE101ACB5DD500FA7979 /* libz.dylib */,
				AB01D6D4AB14FE4AEC906EB3 /* libPods-Mapbox GL Tests.a */,
				69833E876690ADC089B37EA8 /* libPods-Test Bundle.a */,
			);
			name = Frameworks;
			sourceTree = "<group>";
		};
		DD04332C196DB9BC00E6F39D /* App */ = {
			isa = PBXGroup;
			children = (
				DD043362196DBBD500E6F39D /* MGLTAppDelegate.h */,
				DD04335F196DBBD500E6F39D /* MGLTAppDelegate.m */,
				DD043361196DBBD500E6F39D /* MGLTViewController.h */,
				DD043360196DBBD500E6F39D /* MGLTViewController.m */,
				DDAE739B1ACB557500E1A793 /* GL Library */,
				DD04332D196DB9BC00E6F39D /* Supporting Files */,
			);
			name = App;
			path = "Mapbox GL Tests";
			sourceTree = "<group>";
		};
		DD04332D196DB9BC00E6F39D /* Supporting Files */ = {
			isa = PBXGroup;
			children = (
				96567A301B0E8BB900D78776 /* Images.xcassets */,
				DD043367196DBCC200E6F39D /* App-Info.plist */,
				DD043365196DBBE000E6F39D /* main.m */,
				96567A221B0E84CD00D78776 /* LaunchScreen.xib */,
			);
			name = "Supporting Files";
			sourceTree = "<group>";
		};
		DDAE739B1ACB557500E1A793 /* GL Library */ = {
			isa = PBXGroup;
			children = (
				DD0581031ACB661200B112C9 /* Headers */,
				DACAD7111B08719F009119DC /* MGLMapboxEvents.h */,
				DD0581071ACB663200B112C9 /* libMapboxGL.a */,
				DD0581051ACB661C00B112C9 /* MapboxGL.bundle */,
			);
			name = "GL Library";
			sourceTree = "<group>";
		};
		DDBD0139196DC38D0033959E /* Tests */ = {
			isa = PBXGroup;
			children = (
				DDBD016B196DC4740033959E /* KIFTestActor+MapboxGL.h */,
				DDBD016A196DC4740033959E /* KIFTestActor+MapboxGL.m */,
				DDBD0168196DC4740033959E /* MapViewTests.m */,
				DD0E6F661B01806600DC035A /* MetricsTests.m */,
				DDBD0167196DC46B0033959E /* Supporting Files */,
				96992E501B0FBB6F008978C0 /* LocationMocker */,
			);
			name = Tests;
			path = "Mapbox GL Tests";
			sourceTree = "<group>";
		};
		DDBD0167196DC46B0033959E /* Supporting Files */ = {
			isa = PBXGroup;
			children = (
				DDBD0165196DC4560033959E /* Bundle-Info.plist */,
			);
			name = "Supporting Files";
			sourceTree = "<group>";
		};
/* End PBXGroup section */

/* Begin PBXNativeTarget section */
		DD043322196DB9BC00E6F39D /* Mapbox GL Tests */ = {
			isa = PBXNativeTarget;
			buildConfigurationList = DD043358196DB9BC00E6F39D /* Build configuration list for PBXNativeTarget "Mapbox GL Tests" */;
			buildPhases = (
				6D16FE502CB35EB6A5F8D5C9 /* Check Pods Manifest.lock */,
				DD04331F196DB9BC00E6F39D /* Sources */,
				DD043320196DB9BC00E6F39D /* Frameworks */,
				DD043321196DB9BC00E6F39D /* Resources */,
				1F94CFA6627A069C501643D7 /* Copy Pods Resources */,
			);
			buildRules = (
			);
			dependencies = (
			);
			name = "Mapbox GL Tests";
			productName = "Mapbox GL Tests";
			productReference = DD043323196DB9BC00E6F39D /* Mapbox GL Tests.app */;
			productType = "com.apple.product-type.application";
		};
		DDBD0151196DC3D70033959E /* Test Bundle */ = {
			isa = PBXNativeTarget;
			buildConfigurationList = DDBD0162196DC3D70033959E /* Build configuration list for PBXNativeTarget "Test Bundle" */;
			buildPhases = (
				DAE0AB75EA8E1B0C480FB967 /* Check Pods Manifest.lock */,
				DDBD014E196DC3D70033959E /* Sources */,
				DDBD014F196DC3D70033959E /* Frameworks */,
				DDBD0150196DC3D70033959E /* Resources */,
				883C926726C6F8294E740FEA /* Copy Pods Resources */,
			);
			buildRules = (
			);
			dependencies = (
				DDBD0161196DC3D70033959E /* PBXTargetDependency */,
			);
			name = "Test Bundle";
			productName = "Test Bundle";
			productReference = DDBD0152196DC3D70033959E /* Test Bundle.xctest */;
			productType = "com.apple.product-type.bundle.unit-test";
		};
/* End PBXNativeTarget section */

/* Begin PBXProject section */
		DD04331B196DB9BC00E6F39D /* Project object */ = {
			isa = PBXProject;
			attributes = {
				CLASSPREFIX = MGLT;
				LastUpgradeCheck = 0620;
				ORGANIZATIONNAME = Mapbox;
				TargetAttributes = {
					DDBD0151196DC3D70033959E = {
						TestTargetID = DD043322196DB9BC00E6F39D;
					};
				};
			};
			buildConfigurationList = DD04331E196DB9BC00E6F39D /* Build configuration list for PBXProject "ios-tests" */;
			compatibilityVersion = "Xcode 3.2";
			developmentRegion = English;
			hasScannedForEncodings = 0;
			knownRegions = (
				en,
				Base,
			);
			mainGroup = DD04331A196DB9BC00E6F39D;
			productRefGroup = DD043324196DB9BC00E6F39D /* Products */;
			projectDirPath = "";
			projectRoot = "";
			targets = (
				DD043322196DB9BC00E6F39D /* Mapbox GL Tests */,
				DDBD0151196DC3D70033959E /* Test Bundle */,
			);
		};
/* End PBXProject section */

/* Begin PBXResourcesBuildPhase section */
		DD043321196DB9BC00E6F39D /* Resources */ = {
			isa = PBXResourcesBuildPhase;
			buildActionMask = 2147483647;
			files = (
				96567A311B0E8BB900D78776 /* Images.xcassets in Resources */,
				DD0581041ACB661200B112C9 /* Headers in Resources */,
				DD0581061ACB661C00B112C9 /* MapboxGL.bundle in Resources */,
				96567A231B0E84CD00D78776 /* LaunchScreen.xib in Resources */,
			);
			runOnlyForDeploymentPostprocessing = 0;
		};
		DDBD0150196DC3D70033959E /* Resources */ = {
			isa = PBXResourcesBuildPhase;
			buildActionMask = 2147483647;
			files = (
			);
			runOnlyForDeploymentPostprocessing = 0;
		};
/* End PBXResourcesBuildPhase section */

/* Begin PBXShellScriptBuildPhase section */
		1F94CFA6627A069C501643D7 /* Copy Pods Resources */ = {
			isa = PBXShellScriptBuildPhase;
			buildActionMask = 2147483647;
			files = (
			);
			inputPaths = (
			);
			name = "Copy Pods Resources";
			outputPaths = (
			);
			runOnlyForDeploymentPostprocessing = 0;
			shellPath = /bin/sh;
			shellScript = "\"${SRCROOT}/Pods/Target Support Files/Pods-Mapbox GL Tests/Pods-Mapbox GL Tests-resources.sh\"\n";
			showEnvVarsInLog = 0;
		};
		6D16FE502CB35EB6A5F8D5C9 /* Check Pods Manifest.lock */ = {
			isa = PBXShellScriptBuildPhase;
			buildActionMask = 2147483647;
			files = (
			);
			inputPaths = (
			);
			name = "Check Pods Manifest.lock";
			outputPaths = (
			);
			runOnlyForDeploymentPostprocessing = 0;
			shellPath = /bin/sh;
			shellScript = "diff \"${PODS_ROOT}/../Podfile.lock\" \"${PODS_ROOT}/Manifest.lock\" > /dev/null\nif [[ $? != 0 ]] ; then\n    cat << EOM\nerror: The sandbox is not in sync with the Podfile.lock. Run 'pod install' or update your CocoaPods installation.\nEOM\n    exit 1\nfi\n";
			showEnvVarsInLog = 0;
		};
		883C926726C6F8294E740FEA /* Copy Pods Resources */ = {
			isa = PBXShellScriptBuildPhase;
			buildActionMask = 2147483647;
			files = (
			);
			inputPaths = (
			);
			name = "Copy Pods Resources";
			outputPaths = (
			);
			runOnlyForDeploymentPostprocessing = 0;
			shellPath = /bin/sh;
			shellScript = "\"${SRCROOT}/Pods/Target Support Files/Pods-Test Bundle/Pods-Test Bundle-resources.sh\"\n";
			showEnvVarsInLog = 0;
		};
		DAE0AB75EA8E1B0C480FB967 /* Check Pods Manifest.lock */ = {
			isa = PBXShellScriptBuildPhase;
			buildActionMask = 2147483647;
			files = (
			);
			inputPaths = (
			);
			name = "Check Pods Manifest.lock";
			outputPaths = (
			);
			runOnlyForDeploymentPostprocessing = 0;
			shellPath = /bin/sh;
			shellScript = "diff \"${PODS_ROOT}/../Podfile.lock\" \"${PODS_ROOT}/Manifest.lock\" > /dev/null\nif [[ $? != 0 ]] ; then\n    cat << EOM\nerror: The sandbox is not in sync with the Podfile.lock. Run 'pod install' or update your CocoaPods installation.\nEOM\n    exit 1\nfi\n";
			showEnvVarsInLog = 0;
		};
/* End PBXShellScriptBuildPhase section */

/* Begin PBXSourcesBuildPhase section */
		DD04331F196DB9BC00E6F39D /* Sources */ = {
			isa = PBXSourcesBuildPhase;
			buildActionMask = 2147483647;
			files = (
				96992E581B0FBB6F008978C0 /* CSSwizzler.m in Sources */,
				96992E591B0FBB6F008978C0 /* LocationMocker.m in Sources */,
				DD043366196DBBE000E6F39D /* main.m in Sources */,
				DD043363196DBBD500E6F39D /* MGLTAppDelegate.m in Sources */,
				DD043364196DBBD500E6F39D /* MGLTViewController.m in Sources */,
				96992E621B0FBC4F008978C0 /* CLLocationManager+MockLocation.m in Sources */,
			);
			runOnlyForDeploymentPostprocessing = 0;
		};
		DDBD014E196DC3D70033959E /* Sources */ = {
			isa = PBXSourcesBuildPhase;
			buildActionMask = 2147483647;
			files = (
				DDBD016D196DC4740033959E /* KIFTestActor+MapboxGL.m in Sources */,
				DD0E6F671B01806600DC035A /* MetricsTests.m in Sources */,
				DDBD016C196DC4740033959E /* MapViewTests.m in Sources */,
			);
			runOnlyForDeploymentPostprocessing = 0;
		};
/* End PBXSourcesBuildPhase section */

/* Begin PBXTargetDependency section */
		DDBD0161196DC3D70033959E /* PBXTargetDependency */ = {
			isa = PBXTargetDependency;
			target = DD043322196DB9BC00E6F39D /* Mapbox GL Tests */;
			targetProxy = DDBD0160196DC3D70033959E /* PBXContainerItemProxy */;
		};
/* End PBXTargetDependency section */

/* Begin XCBuildConfiguration section */
		DD043356196DB9BC00E6F39D /* Debug */ = {
			isa = XCBuildConfiguration;
			buildSettings = {
				ALWAYS_SEARCH_USER_PATHS = NO;
				CLANG_CXX_LANGUAGE_STANDARD = "gnu++0x";
				CLANG_CXX_LIBRARY = "libc++";
				CLANG_ENABLE_MODULES = YES;
				CLANG_ENABLE_OBJC_ARC = YES;
				CLANG_WARN_BOOL_CONVERSION = YES;
				CLANG_WARN_CONSTANT_CONVERSION = YES;
				CLANG_WARN_DIRECT_OBJC_ISA_USAGE = YES_ERROR;
				CLANG_WARN_EMPTY_BODY = YES;
				CLANG_WARN_ENUM_CONVERSION = YES;
				CLANG_WARN_INT_CONVERSION = YES;
				CLANG_WARN_OBJC_ROOT_CLASS = YES_ERROR;
				CLANG_WARN__DUPLICATE_METHOD_MATCH = YES;
				"CODE_SIGN_IDENTITY[sdk=iphoneos*]" = "iPhone Developer";
				COPY_PHASE_STRIP = NO;
				GCC_C_LANGUAGE_STANDARD = gnu99;
				GCC_DYNAMIC_NO_PIC = NO;
				GCC_OPTIMIZATION_LEVEL = 0;
				GCC_PREPROCESSOR_DEFINITIONS = (
					"DEBUG=1",
					"$(inherited)",
				);
				GCC_SYMBOLS_PRIVATE_EXTERN = NO;
				GCC_WARN_64_TO_32_BIT_CONVERSION = YES;
				GCC_WARN_ABOUT_RETURN_TYPE = YES_ERROR;
				GCC_WARN_UNDECLARED_SELECTOR = YES;
				GCC_WARN_UNINITIALIZED_AUTOS = YES_AGGRESSIVE;
				GCC_WARN_UNUSED_FUNCTION = YES;
				GCC_WARN_UNUSED_VARIABLE = YES;
				IPHONEOS_DEPLOYMENT_TARGET = 7.1;
				ONLY_ACTIVE_ARCH = YES;
				SDKROOT = iphoneos;
				TARGETED_DEVICE_FAMILY = "1,2";
			};
			name = Debug;
		};
		DD043357196DB9BC00E6F39D /* Release */ = {
			isa = XCBuildConfiguration;
			buildSettings = {
				ALWAYS_SEARCH_USER_PATHS = NO;
				CLANG_CXX_LANGUAGE_STANDARD = "gnu++0x";
				CLANG_CXX_LIBRARY = "libc++";
				CLANG_ENABLE_MODULES = YES;
				CLANG_ENABLE_OBJC_ARC = YES;
				CLANG_WARN_BOOL_CONVERSION = YES;
				CLANG_WARN_CONSTANT_CONVERSION = YES;
				CLANG_WARN_DIRECT_OBJC_ISA_USAGE = YES_ERROR;
				CLANG_WARN_EMPTY_BODY = YES;
				CLANG_WARN_ENUM_CONVERSION = YES;
				CLANG_WARN_INT_CONVERSION = YES;
				CLANG_WARN_OBJC_ROOT_CLASS = YES_ERROR;
				CLANG_WARN__DUPLICATE_METHOD_MATCH = YES;
				"CODE_SIGN_IDENTITY[sdk=iphoneos*]" = "iPhone Developer";
				COPY_PHASE_STRIP = YES;
				ENABLE_NS_ASSERTIONS = NO;
				GCC_C_LANGUAGE_STANDARD = gnu99;
				GCC_WARN_64_TO_32_BIT_CONVERSION = YES;
				GCC_WARN_ABOUT_RETURN_TYPE = YES_ERROR;
				GCC_WARN_UNDECLARED_SELECTOR = YES;
				GCC_WARN_UNINITIALIZED_AUTOS = YES_AGGRESSIVE;
				GCC_WARN_UNUSED_FUNCTION = YES;
				GCC_WARN_UNUSED_VARIABLE = YES;
				IPHONEOS_DEPLOYMENT_TARGET = 7.1;
				SDKROOT = iphoneos;
				TARGETED_DEVICE_FAMILY = "1,2";
				VALIDATE_PRODUCT = YES;
			};
			name = Release;
		};
		DD043359196DB9BC00E6F39D /* Debug */ = {
			isa = XCBuildConfiguration;
			baseConfigurationReference = B2A14362A5459A17440AC53A /* Pods-Mapbox GL Tests.debug.xcconfig */;
			buildSettings = {
				ASSETCATALOG_COMPILER_APPICON_NAME = AppIcon;
				ASSETCATALOG_COMPILER_LAUNCHIMAGE_NAME = LaunchImage;
				HEADER_SEARCH_PATHS = (
					"$(inherited)",
					/Applications/Xcode.app/Contents/Developer/Toolchains/XcodeDefault.xctoolchain/usr/include,
					"../../build/ios/pkg/static/**",
				);
				INFOPLIST_FILE = "$(SRCROOT)/App-Info.plist";
				IPHONEOS_DEPLOYMENT_TARGET = 7.0;
				LIBRARY_SEARCH_PATHS = (
					"$(inherited)",
					../../build/ios/pkg/static,
				);
				PRODUCT_NAME = "$(TARGET_NAME)";
				TARGETED_DEVICE_FAMILY = "1,2";
				WRAPPER_EXTENSION = app;
			};
			name = Debug;
		};
		DD04335A196DB9BC00E6F39D /* Release */ = {
			isa = XCBuildConfiguration;
			baseConfigurationReference = 4EE84DA21EF6A5AF8A117610 /* Pods-Mapbox GL Tests.release.xcconfig */;
			buildSettings = {
				ASSETCATALOG_COMPILER_APPICON_NAME = AppIcon;
				ASSETCATALOG_COMPILER_LAUNCHIMAGE_NAME = LaunchImage;
				HEADER_SEARCH_PATHS = (
					"$(inherited)",
					/Applications/Xcode.app/Contents/Developer/Toolchains/XcodeDefault.xctoolchain/usr/include,
					"../../build/ios/pkg/static/**",
				);
				INFOPLIST_FILE = "$(SRCROOT)/App-Info.plist";
				IPHONEOS_DEPLOYMENT_TARGET = 7.0;
				LIBRARY_SEARCH_PATHS = (
					"$(inherited)",
					../../build/ios/pkg/static,
				);
				PRODUCT_NAME = "$(TARGET_NAME)";
				TARGETED_DEVICE_FAMILY = "1,2";
				WRAPPER_EXTENSION = app;
			};
			name = Release;
		};
		DDBD0163196DC3D70033959E /* Debug */ = {
			isa = XCBuildConfiguration;
			baseConfigurationReference = 33B984DADCC83940EFBDF66C /* Pods-Test Bundle.debug.xcconfig */;
			buildSettings = {
				BUNDLE_LOADER = "$(BUILT_PRODUCTS_DIR)/Mapbox GL Tests.app/Mapbox GL Tests";
				FRAMEWORK_SEARCH_PATHS = (
					"$(SDKROOT)/Developer/Library/Frameworks",
					"$(inherited)",
					"$(DEVELOPER_FRAMEWORKS_DIR)",
					"$(DEVELOPER_DIR)/Platforms/iPhoneSimulator.platform/Developer/SDKs/iPhoneSimulator.sdk/System/Library/Frameworks",
				);
				HEADER_SEARCH_PATHS = (
					"$(inherited)",
					/Applications/Xcode.app/Contents/Developer/Toolchains/XcodeDefault.xctoolchain/usr/include,
					"../../build/ios/pkg/static/**",
					OCMock,
					OHHTTPStubs/OHHTTPStubs/Sources,
				);
				INFOPLIST_FILE = "Bundle-Info.plist";
				PRODUCT_NAME = "$(TARGET_NAME)";
				TEST_HOST = "$(BUNDLE_LOADER)";
				WRAPPER_EXTENSION = xctest;
			};
			name = Debug;
		};
		DDBD0164196DC3D70033959E /* Release */ = {
			isa = XCBuildConfiguration;
			baseConfigurationReference = BF559E38E6ACD9E50215AF3A /* Pods-Test Bundle.release.xcconfig */;
			buildSettings = {
				BUNDLE_LOADER = "$(BUILT_PRODUCTS_DIR)/Mapbox GL Tests.app/Mapbox GL Tests";
				FRAMEWORK_SEARCH_PATHS = (
					"$(SDKROOT)/Developer/Library/Frameworks",
					"$(inherited)",
					"$(DEVELOPER_FRAMEWORKS_DIR)",
					"$(DEVELOPER_DIR)/Platforms/iPhoneSimulator.platform/Developer/SDKs/iPhoneSimulator.sdk/System/Library/Frameworks",
				);
				HEADER_SEARCH_PATHS = (
					"$(inherited)",
					/Applications/Xcode.app/Contents/Developer/Toolchains/XcodeDefault.xctoolchain/usr/include,
					"../../build/ios/pkg/static/**",
					OCMock,
					OHHTTPStubs/OHHTTPStubs/Sources,
				);
				INFOPLIST_FILE = "Bundle-Info.plist";
				PRODUCT_NAME = "$(TARGET_NAME)";
				TEST_HOST = "$(BUNDLE_LOADER)";
				WRAPPER_EXTENSION = xctest;
			};
			name = Release;
		};
/* End XCBuildConfiguration section */

/* Begin XCConfigurationList section */
		DD04331E196DB9BC00E6F39D /* Build configuration list for PBXProject "ios-tests" */ = {
			isa = XCConfigurationList;
			buildConfigurations = (
				DD043356196DB9BC00E6F39D /* Debug */,
				DD043357196DB9BC00E6F39D /* Release */,
			);
			defaultConfigurationIsVisible = 0;
			defaultConfigurationName = Release;
		};
		DD043358196DB9BC00E6F39D /* Build configuration list for PBXNativeTarget "Mapbox GL Tests" */ = {
			isa = XCConfigurationList;
			buildConfigurations = (
				DD043359196DB9BC00E6F39D /* Debug */,
				DD04335A196DB9BC00E6F39D /* Release */,
			);
			defaultConfigurationIsVisible = 0;
			defaultConfigurationName = Release;
		};
		DDBD0162196DC3D70033959E /* Build configuration list for PBXNativeTarget "Test Bundle" */ = {
			isa = XCConfigurationList;
			buildConfigurations = (
				DDBD0163196DC3D70033959E /* Debug */,
				DDBD0164196DC3D70033959E /* Release */,
			);
			defaultConfigurationIsVisible = 0;
			defaultConfigurationName = Release;
		};
/* End XCConfigurationList section */
	};
	rootObject = DD04331B196DB9BC00E6F39D /* Project object */;
}
